
Microsoft Visual Studio Solution File, Format Version 12.00
# Visual Studio Version 16
VisualStudioVersion = 16.0.29728.190
MinimumVisualStudioVersion = 10.0.40219.1
Project("{2150E333-8FDC-42A3-9474-1A3956D46DE8}") = "Services", "Services", "{E8FE8C38-0DAF-4ECA-B5AB-C5961BFC41CE}"
EndProject
Project("{2150E333-8FDC-42A3-9474-1A3956D46DE8}") = "WebApps", "WebApps", "{08F64385-553F-4E01-BB98-0FCE8D98A0FF}"
EndProject
Project("{2150E333-8FDC-42A3-9474-1A3956D46DE8}") = "Catalogo", "Catalogo", "{A0DBAB4E-A2B8-453E-B1BB-58E3EE82F161}"
EndProject
Project("{2150E333-8FDC-42A3-9474-1A3956D46DE8}") = "Core", "Core", "{5FC85418-50D3-40A0-979C-8102322DF7E4}"
EndProject
Project("{9A19103F-16F7-4668-BE54-9A1E7A4F7556}") = "CQRS.Core", "src\CQRS.Core\CQRS.Core.csproj", "{94957EC6-967C-4539-9C18-7C7A93FD8BEB}"
EndProject
Project("{9A19103F-16F7-4668-BE54-9A1E7A4F7556}") = "CQRS.Catalogo.Domain", "src\CQRS.Catalogo.Domain\CQRS.Catalogo.Domain.csproj", "{0F685655-91A6-43DE-AE74-CF6E34ED088C}"
EndProject
Project("{9A19103F-16F7-4668-BE54-9A1E7A4F7556}") = "CQRS.Catalogo.Data", "src\CQRS.Catalogo.Data\CQRS.Catalogo.Data.csproj", "{951A087B-1A97-40A4-AEDE-5B0DCD93A5D2}"
EndProject
Project("{9A19103F-16F7-4668-BE54-9A1E7A4F7556}") = "CQRS.Catalogo.Application", "src\CQRS.Catalogo.Application\CQRS.Catalogo.Application.csproj", "{268F697C-BA15-4810-B706-E0631BB03004}"
EndProject
Project("{2150E333-8FDC-42A3-9474-1A3956D46DE8}") = "Tests", "Tests", "{BEA4F9A0-2BE9-4ECB-ACE9-39E50F7EA66E}"
EndProject
Project("{9A19103F-16F7-4668-BE54-9A1E7A4F7556}") = "CQRS.Catalogo.Domain.Tests", "tests\CQRS.Catalogo.Domain.Tests\CQRS.Catalogo.Domain.Tests.csproj", "{9D4D85D5-C56D-4E70-ADE2-B3F4F0730A89}"
EndProject
Project("{2150E333-8FDC-42A3-9474-1A3956D46DE8}") = "Pagamentos", "Pagamentos", "{4A064626-DC45-485B-B2D3-893D1AD449EF}"
EndProject
Project("{2150E333-8FDC-42A3-9474-1A3956D46DE8}") = "Vendas", "Vendas", "{07C10FAB-2862-4800-85FE-8B8B0B1E57FF}"
EndProject
Global
	GlobalSection(SolutionConfigurationPlatforms) = preSolution
		Debug|Any CPU = Debug|Any CPU
		Release|Any CPU = Release|Any CPU
	EndGlobalSection
	GlobalSection(ProjectConfigurationPlatforms) = postSolution
		{94957EC6-967C-4539-9C18-7C7A93FD8BEB}.Debug|Any CPU.ActiveCfg = Debug|Any CPU
		{94957EC6-967C-4539-9C18-7C7A93FD8BEB}.Debug|Any CPU.Build.0 = Debug|Any CPU
		{94957EC6-967C-4539-9C18-7C7A93FD8BEB}.Release|Any CPU.ActiveCfg = Release|Any CPU
		{94957EC6-967C-4539-9C18-7C7A93FD8BEB}.Release|Any CPU.Build.0 = Release|Any CPU
		{0F685655-91A6-43DE-AE74-CF6E34ED088C}.Debug|Any CPU.ActiveCfg = Debug|Any CPU
		{0F685655-91A6-43DE-AE74-CF6E34ED088C}.Debug|Any CPU.Build.0 = Debug|Any CPU
		{0F685655-91A6-43DE-AE74-CF6E34ED088C}.Release|Any CPU.ActiveCfg = Release|Any CPU
		{0F685655-91A6-43DE-AE74-CF6E34ED088C}.Release|Any CPU.Build.0 = Release|Any CPU
		{951A087B-1A97-40A4-AEDE-5B0DCD93A5D2}.Debug|Any CPU.ActiveCfg = Debug|Any CPU
		{951A087B-1A97-40A4-AEDE-5B0DCD93A5D2}.Debug|Any CPU.Build.0 = Debug|Any CPU
		{951A087B-1A97-40A4-AEDE-5B0DCD93A5D2}.Release|Any CPU.ActiveCfg = Release|Any CPU
		{951A087B-1A97-40A4-AEDE-5B0DCD93A5D2}.Release|Any CPU.Build.0 = Release|Any CPU
		{268F697C-BA15-4810-B706-E0631BB03004}.Debug|Any CPU.ActiveCfg = Debug|Any CPU
		{268F697C-BA15-4810-B706-E0631BB03004}.Debug|Any CPU.Build.0 = Debug|Any CPU
		{268F697C-BA15-4810-B706-E0631BB03004}.Release|Any CPU.ActiveCfg = Release|Any CPU
		{268F697C-BA15-4810-B706-E0631BB03004}.Release|Any CPU.Build.0 = Release|Any CPU
		{9D4D85D5-C56D-4E70-ADE2-B3F4F0730A89}.Debug|Any CPU.ActiveCfg = Debug|Any CPU
		{9D4D85D5-C56D-4E70-ADE2-B3F4F0730A89}.Debug|Any CPU.Build.0 = Debug|Any CPU
		{9D4D85D5-C56D-4E70-ADE2-B3F4F0730A89}.Release|Any CPU.ActiveCfg = Release|Any CPU
		{9D4D85D5-C56D-4E70-ADE2-B3F4F0730A89}.Release|Any CPU.Build.0 = Release|Any CPU
	EndGlobalSection
	GlobalSection(SolutionProperties) = preSolution
		HideSolutionNode = FALSE
	EndGlobalSection
	GlobalSection(NestedProjects) = preSolution
		{A0DBAB4E-A2B8-453E-B1BB-58E3EE82F161} = {E8FE8C38-0DAF-4ECA-B5AB-C5961BFC41CE}
		{5FC85418-50D3-40A0-979C-8102322DF7E4} = {E8FE8C38-0DAF-4ECA-B5AB-C5961BFC41CE}
		{94957EC6-967C-4539-9C18-7C7A93FD8BEB} = {5FC85418-50D3-40A0-979C-8102322DF7E4}
		{0F685655-91A6-43DE-AE74-CF6E34ED088C} = {A0DBAB4E-A2B8-453E-B1BB-58E3EE82F161}
		{951A087B-1A97-40A4-AEDE-5B0DCD93A5D2} = {A0DBAB4E-A2B8-453E-B1BB-58E3EE82F161}
		{268F697C-BA15-4810-B706-E0631BB03004} = {A0DBAB4E-A2B8-453E-B1BB-58E3EE82F161}
		{BEA4F9A0-2BE9-4ECB-ACE9-39E50F7EA66E} = {A0DBAB4E-A2B8-453E-B1BB-58E3EE82F161}
		{9D4D85D5-C56D-4E70-ADE2-B3F4F0730A89} = {BEA4F9A0-2BE9-4ECB-ACE9-39E50F7EA66E}
		{4A064626-DC45-485B-B2D3-893D1AD449EF} = {E8FE8C38-0DAF-4ECA-B5AB-C5961BFC41CE}
		{07C10FAB-2862-4800-85FE-8B8B0B1E57FF} = {E8FE8C38-0DAF-4ECA-B5AB-C5961BFC41CE}
	EndGlobalSection
	GlobalSection(ExtensibilityGlobals) = postSolution
		SolutionGuid = {BFECA71F-5C2F-4517-8003-767A9A7CCDD1}
	EndGlobalSection
EndGlobal
